{
  "name": "owning-a-home",
  "version": "2.0.1",
  "dependencies": {
    "amdefine": {
      "version": "1.0.1",
      "from": "amdefine@>=0.0.4",
      "resolved": "https://registry.npmjs.org/amdefine/-/amdefine-1.0.1.tgz"
    },
    "amortize": {
      "version": "0.2.2",
      "from": "amortize@0.2.2",
      "resolved": "https://registry.npmjs.org/amortize/-/amortize-0.2.2.tgz"
    },
    "async": {
      "version": "0.2.10",
      "from": "async@>=0.2.6 <0.3.0",
      "resolved": "https://registry.npmjs.org/async/-/async-0.2.10.tgz"
    },
    "cfgov-sheer-templates": {
      "version": "2.1.5",
      "from": "cfgov-sheer-templates@>=2.1.5 <3.0.0",
      "resolved": "https://registry.npmjs.org/cfgov-sheer-templates/-/cfgov-sheer-templates-2.1.5.tgz"
    },
    "date-format": {
      "version": "0.0.2",
      "from": "date-format@0.0.2",
      "resolved": "https://registry.npmjs.org/date-format/-/date-format-0.0.2.tgz"
    },
    "debounce": {
      "version": "0.0.3",
      "from": "debounce@0.0.3",
      "resolved": "https://registry.npmjs.org/debounce/-/debounce-0.0.3.tgz"
    },
    "foreach": {
      "version": "2.0.4",
      "from": "foreach@2.0.4",
      "resolved": "https://registry.npmjs.org/foreach/-/foreach-2.0.4.tgz"
    },
    "format-usd": {
      "version": "0.2.0",
      "from": "format-usd@>=0.2.0 <0.3.0",
      "resolved": "https://registry.npmjs.org/format-usd/-/format-usd-0.2.0.tgz"
    },
    "fuzzy-state-search": {
      "version": "0.1.0",
      "from": "fuzzy-state-search@0.1.0",
      "resolved": "https://registry.npmjs.org/fuzzy-state-search/-/fuzzy-state-search-0.1.0.tgz"
    },
    "handlebars": {
      "version": "1.3.0",
      "from": "handlebars@1.3.0",
      "resolved": "https://registry.npmjs.org/handlebars/-/handlebars-1.3.0.tgz"
    },
    "hbsfy": {
      "version": "1.3.2",
      "from": "hbsfy@1.3.2",
      "resolved": "https://registry.npmjs.org/hbsfy/-/hbsfy-1.3.2.tgz"
    },
    "is-money-usd": {
      "version": "0.1.2",
      "from": "is-money-usd@0.1.2",
      "resolved": "https://registry.npmjs.org/is-money-usd/-/is-money-usd-0.1.2.tgz"
    },
    "jquery": {
      "version": "1.11.0",
      "from": "jquery@1.11.0",
      "resolved": "https://registry.npmjs.org/jquery/-/jquery-1.11.0.tgz"
    },
    "jquery.scrollto": {
      "version": "1.4.14",
      "from": "jquery.scrollto@1.4.14",
      "resolved": "https://registry.npmjs.org/jquery.scrollto/-/jquery.scrollto-1.4.14.tgz"
    },
    "jumbo-mortgage": {
      "version": "2.0.0",
      "from": "jumbo-mortgage@2.0.0",
      "resolved": "https://registry.npmjs.org/jumbo-mortgage/-/jumbo-mortgage-2.0.0.tgz",
      "dependencies": {
        "format-usd": {
          "version": "0.1.0",
          "from": "format-usd@>=0.1.0 <0.2.0",
          "resolved": "http://registry.npmjs.org/format-usd/-/format-usd-0.1.0.tgz"
        }
      }
    },
    "loan-calc": {
      "version": "0.2.1",
      "from": "loan-calc@0.2.1",
      "resolved": "https://registry.npmjs.org/loan-calc/-/loan-calc-0.2.1.tgz"
    },
    "median": {
      "version": "0.0.2",
      "from": "median@0.0.2",
      "resolved": "https://registry.npmjs.org/median/-/median-0.0.2.tgz"
    },
    "objectified": {
      "version": "0.4.5",
      "from": "objectified@0.4.5",
      "resolved": "https://registry.npmjs.org/objectified/-/objectified-0.4.5.tgz",
      "dependencies": {
        "debounce": {
          "version": "1.0.2",
          "from": "debounce@>=1.0.0 <1.1.0",
          "resolved": "https://registry.npmjs.org/debounce/-/debounce-1.0.2.tgz"
        }
      }
    },
    "optimist": {
      "version": "0.3.7",
      "from": "optimist@>=0.3.0 <0.4.0",
      "resolved": "https://registry.npmjs.org/optimist/-/optimist-0.3.7.tgz"
    },
    "overall-loan-cost": {
      "version": "0.3.4",
      "from": "overall-loan-cost@0.3.4",
      "resolved": "https://registry.npmjs.org/overall-loan-cost/-/overall-loan-cost-0.3.4.tgz"
    },
    "source-map": {
      "version": "0.1.43",
      "from": "source-map@>=0.1.7 <0.2.0",
      "resolved": "https://registry.npmjs.org/source-map/-/source-map-0.1.43.tgz"
    },
    "stay-positive": {
      "version": "0.3.0",
      "from": "stay-positive@0.3.0",
      "resolved": "https://registry.npmjs.org/stay-positive/-/stay-positive-0.3.0.tgz"
    },
    "through": {
      "version": "2.3.8",
      "from": "through@>=2.3.4 <2.4.0",
      "resolved": "https://registry.npmjs.org/through/-/through-2.3.8.tgz"
    },
    "uglify-js": {
      "version": "2.3.6",
      "from": "uglify-js@>=2.3.0 <2.4.0",
      "resolved": "https://registry.npmjs.org/uglify-js/-/uglify-js-2.3.6.tgz"
    },
    "unformat-usd": {
      "version": "0.1.1",
      "from": "unformat-usd@0.1.1",
      "resolved": "https://registry.npmjs.org/unformat-usd/-/unformat-usd-0.1.1.tgz"
    },
    "wordwrap": {
      "version": "0.0.3",
      "from": "wordwrap@>=0.0.2 <0.1.0",
      "resolved": "https://registry.npmjs.org/wordwrap/-/wordwrap-0.0.3.tgz"
    }
  }
}
